{
  "version": 4,
  "terraform_version": "0.14.2",
  "serial": 3,
  "lineage": "5cf2ac36-4091-afe0-18de-55c437442262",
  "outputs": {},
  "resources": [
    {
      "module": "module.bilge",
      "mode": "managed",
      "type": "k8s_manifest",
      "name": "backend-deployment",
      "provider": "module.bilge.provider[\"registry.terraform.io/banzaicloud/k8s\"]",
      "instances": [
        {
          "status": "tainted",
          "schema_version": 0,
          "attributes": {
            "content": "apiVersion: apps/v1\r\nkind: Deployment\r\nmetadata:\r\n  name: backend\r\n  namespace: dev-test-backend\r\n  labels:\r\n    app: backend\r\nspec:\r\n  replicas: 1\r\n  selector:\r\n    matchLabels:\r\n      service: backend\r\n  template:\r\n    metadata:\r\n      labels:\r\n        app: backend\r\n        service: backend\r\n    spec:\r\n      containers:\r\n      - name: backend\r\n        image: docker.io/a1tan/netcoretest:26\r\n        imagePullPolicy: IfNotPresent\r\n      imagePullSecrets:\r\n        - name: registry",
            "delete_cascade": null,
            "id": "dev-test-backend::apps/v1::Deployment::backend",
            "namespace": "dev-test-backend",
            "timeouts": null
          },
          "sensitive_attributes": [],
          "private": "eyJlMmJmYjczMC1lY2FhLTExZTYtOGY4OC0zNDM2M2JjN2M0YzAiOnsiY3JlYXRlIjozMDAwMDAwMDAwMDAsImRlbGV0ZSI6MzAwMDAwMDAwMDAwLCJ1cGRhdGUiOjMwMDAwMDAwMDAwMH19",
          "dependencies": [
            "module.bilge.k8s_manifest.backend-namespace"
          ]
        }
      ]
    },
    {
      "module": "module.bilge",
      "mode": "managed",
      "type": "k8s_manifest",
      "name": "backend-namespace",
      "provider": "module.bilge.provider[\"registry.terraform.io/banzaicloud/k8s\"]",
      "instances": [
        {
          "schema_version": 0,
          "attributes": {
            "content": "apiVersion: v1\r\nkind: Namespace\r\nmetadata:\r\n  name: dev-test-backend",
            "delete_cascade": null,
            "id": "::v1::Namespace::dev-test-backend",
            "namespace": "dev-test-backend",
            "timeouts": null
          },
          "sensitive_attributes": [],
          "private": "eyJlMmJmYjczMC1lY2FhLTExZTYtOGY4OC0zNDM2M2JjN2M0YzAiOnsiY3JlYXRlIjozMDAwMDAwMDAwMDAsImRlbGV0ZSI6MzAwMDAwMDAwMDAwLCJ1cGRhdGUiOjMwMDAwMDAwMDAwMH19"
        }
      ]
    },
    {
      "module": "module.bilge",
      "mode": "managed",
      "type": "k8s_manifest",
      "name": "backend-service",
      "provider": "module.bilge.provider[\"registry.terraform.io/banzaicloud/k8s\"]",
      "instances": []
    }
  ]
}
